// !$*UTF8*$!
{
	archiveVersion = 1;
	classes = {
	};
	objectVersion = 77;
	objects = {

/* Begin PBXContainerItemProxy section */
		54D6EEA62D3F2DE900A89C19 /* PBXContainerItemProxy */ = {
			isa = PBXContainerItemProxy;
			containerPortal = 54D6EE8D2D3F2DE600A89C19 /* Project object */;
			proxyType = 1;
			remoteGlobalIDString = 54D6EE942D3F2DE600A89C19;
			remoteInfo = Myfirst;
		};
		54D6EEB02D3F2DE900A89C19 /* PBXContainerItemProxy */ = {
			isa = PBXContainerItemProxy;
			containerPortal = 54D6EE8D2D3F2DE600A89C19 /* Project object */;
			proxyType = 1;
			remoteGlobalIDString = 54D6EE942D3F2DE600A89C19;
			remoteInfo = Myfirst;
		};
/* End PBXContainerItemProxy section */

/* Begin PBXFileReference section */
		54D6EE952D3F2DE600A89C19 /* Myfirst.app */ = {isa = PBXFileReference; explicitFileType = wrapper.application; includeInIndex = 0; path = Myfirst.app; sourceTree = BUILT_PRODUCTS_DIR; };
		54D6EEA52D3F2DE900A89C19 /* MyfirstTests.xctest */ = {isa = PBXFileReference; explicitFileType = wrapper.cfbundle; includeInIndex = 0; path = MyfirstTests.xctest; sourceTree = BUILT_PRODUCTS_DIR; };
		54D6EEAF2D3F2DE900A89C19 /* MyfirstUITests.xctest */ = {isa = PBXFileReference; explicitFileType = wrapper.cfbundle; includeInIndex = 0; path = MyfirstUITests.xctest; sourceTree = BUILT_PRODUCTS_DIR; };
/* End PBXFileReference section */

/* Begin PBXFileSystemSynchronizedRootGroup section */
		54D6EE972D3F2DE600A89C19 /* Myfirst */ = {
			isa = PBXFileSystemSynchronizedRootGroup;
			path = Myfirst;
			sourceTree = "<group>";
		};
		54D6EEA82D3F2DE900A89C19 /* MyfirstTests */ = {
			isa = PBXFileSystemSynchronizedRootGroup;
			path = MyfirstTests;
			sourceTree = "<group>";
		};
		54D6EEB22D3F2DE900A89C19 /* MyfirstUITests */ = {
			isa = PBXFileSystemSynchronizedRootGroup;
			path = MyfirstUITests;
			sourceTree = "<group>";
		};
/* End PBXFileSystemSynchronizedRootGroup section */

/* Begin PBXFrameworksBuildPhase section */
		54D6EE922D3F2DE600A89C19 /* Frameworks */ = {
			isa = PBXFrameworksBuildPhase;
			buildActionMask = 2147483647;
			files = (
			);
			runOnlyForDeploymentPostprocessing = 0;
		};
		54D6EEA22D3F2DE900A89C19 /* Frameworks */ = {
			isa = PBXFrameworksBuildPhase;
			buildActionMask = 2147483647;
			files = (
			);
			runOnlyForDeploymentPostprocessing = 0;
		};
		54D6EEAC2D3F2DE900A89C19 /* Frameworks */ = {
			isa = PBXFrameworksBuildPhase;
			buildActionMask = 2147483647;
			files = (
			);
			runOnlyForDeploymentPostprocessing = 0;
		};
/* End PBXFrameworksBuildPhase section */

/* Begin PBXGroup section */
		54D6EE8C2D3F2DE600A89C19 = {
			isa = PBXGroup;
			children = (
				54D6EE972D3F2DE600A89C19 /* Myfirst */,
				54D6EEA82D3F2DE900A89C19 /* MyfirstTests */,
				54D6EEB22D3F2DE900A89C19 /* MyfirstUITests */,
				54D6EE962D3F2DE600A89C19 /* Products */,
			);
			sourceTree = "<group>";
		};
		54D6EE962D3F2DE600A89C19 /* Products */ = {
			isa = PBXGroup;
			children = (
				54D6EE952D3F2DE600A89C19 /* Myfirst.app */,
				54D6EEA52D3F2DE900A89C19 /* MyfirstTests.xctest */,
				54D6EEAF2D3F2DE900A89C19 /* MyfirstUITests.xctest */,
			);
			name = Products;
			sourceTree = "<group>";
		};
/* End PBXGroup section */

/* Begin PBXNativeTarget section */
		54D6EE942D3F2DE600A89C19 /* Myfirst */ = {
			isa = PBXNativeTarget;
			buildConfigurationList = 54D6EEB92D3F2DE900A89C19 /* Build configuration list for PBXNativeTarget "Myfirst" */;
			buildPhases = (
				54D6EE912D3F2DE600A89C19 /* Sources */,
				54D6EE922D3F2DE600A89C19 /* Frameworks */,
				54D6EE932D3F2DE600A89C19 /* Resources */,
			);
			buildRules = (
			);
			dependencies = (
			);
			fileSystemSynchronizedGroups = (
				54D6EE972D3F2DE600A89C19 /* Myfirst */,
			);
			name = Myfirst;
			packageProductDependencies = (
			);
			productName = Myfirst;
			productReference = 54D6EE952D3F2DE600A89C19 /* Myfirst.app */;
			productType = "com.apple.product-type.application";
		};
		54D6EEA42D3F2DE900A89C19 /* MyfirstTests */ = {
			isa = PBXNativeTarget;
			buildConfigurationList = 54D6EEBC2D3F2DE900A89C19 /* Build configuration list for PBXNativeTarget "MyfirstTests" */;
			buildPhases = (
				54D6EEA12D3F2DE900A89C19 /* Sources */,
				54D6EEA22D3F2DE900A89C19 /* Frameworks */,
				54D6EEA32D3F2DE900A89C19 /* Resources */,
			);
			buildRules = (
			);
			dependencies = (
				54D6EEA72D3F2DE900A89C19 /* PBXTargetDependency */,
			);
			fileSystemSynchronizedGroups = (
				54D6EEA82D3F2DE900A89C19 /* MyfirstTests */,
			);
			name = MyfirstTests;
			packageProductDependencies = (
			);
			productName = MyfirstTests;
			productReference = 54D6EEA52D3F2DE900A89C19 /* MyfirstTests.xctest */;
			productType = "com.apple.product-type.bundle.unit-test";
		};
		54D6EEAE2D3F2DE900A89C19 /* MyfirstUITests */ = {
			isa = PBXNativeTarget;
			buildConfigurationList = 54D6EEBF2D3F2DE900A89C19 /* Build configuration list for PBXNativeTarget "MyfirstUITests" */;
			buildPhases = (
				54D6EEAB2D3F2DE900A89C19 /* Sources */,
				54D6EEAC2D3F2DE900A89C19 /* Frameworks */,
				54D6EEAD2D3F2DE900A89C19 /* Resources */,
			);
			buildRules = (
			);
			dependencies = (
				54D6EEB12D3F2DE900A89C19 /* PBXTargetDependency */,
			);
			fileSystemSynchronizedGroups = (
				54D6EEB22D3F2DE900A89C19 /* MyfirstUITests */,
			);
			name = MyfirstUITests;
			packageProductDependencies = (
			);
			productName = MyfirstUITests;
			productReference = 54D6EEAF2D3F2DE900A89C19 /* MyfirstUITests.xctest */;
			productType = "com.apple.product-type.bundle.ui-testing";
		};
/* End PBXNativeTarget section */

/* Begin PBXProject section */
		54D6EE8D2D3F2DE600A89C19 /* Project object */ = {
			isa = PBXProject;
			attributes = {
				BuildIndependentTargetsInParallel = 1;
				LastSwiftUpdateCheck = 1620;
				LastUpgradeCheck = 1620;
				TargetAttributes = {
					54D6EE942D3F2DE600A89C19 = {
						CreatedOnToolsVersion = 16.2;
					};
					54D6EEA42D3F2DE900A89C19 = {
						CreatedOnToolsVersion = 16.2;
						TestTargetID = 54D6EE942D3F2DE600A89C19;
					};
					54D6EEAE2D3F2DE900A89C19 = {
						CreatedOnToolsVersion = 16.2;
						TestTargetID = 54D6EE942D3F2DE600A89C19;
					};
				};
			};
			buildConfigurationList = 54D6EE902D3F2DE600A89C19 /* Build configuration list for PBXProject "Myfirst" */;
			developmentRegion = en;
			hasScannedForEncodings = 0;
			knownRegions = (
				en,
				Base,
			);
			mainGroup = 54D6EE8C2D3F2DE600A89C19;
			minimizedProjectReferenceProxies = 1;
			preferredProjectObjectVersion = 77;
			productRefGroup = 54D6EE962D3F2DE600A89C19 /* Products */;
			projectDirPath = "";
			projectRoot = "";
			targets = (
				54D6EE942D3F2DE600A89C19 /* Myfirst */,
				54D6EEA42D3F2DE900A89C19 /* MyfirstTests */,
				54D6EEAE2D3F2DE900A89C19 /* MyfirstUITests */,
			);
		};
/* End PBXProject section */

/* Begin PBXResourcesBuildPhase section */
		54D6EE932D3F2DE600A89C19 /* Resources */ = {
			isa = PBXResourcesBuildPhase;
			buildActionMask = 2147483647;
			files = (
			);
			runOnlyForDeploymentPostprocessing = 0;
		};
		54D6EEA32D3F2DE900A89C19 /* Resources */ = {
			isa = PBXResourcesBuildPhase;
			buildActionMask = 2147483647;
			files = (
			);
			runOnlyForDeploymentPostprocessing = 0;
		};
		54D6EEAD2D3F2DE900A89C19 /* Resources */ = {
			isa = PBXResourcesBuildPhase;
			buildActionMask = 2147483647;
			files = (
			);
			runOnlyForDeploymentPostprocessing = 0;
		};
/* End PBXResourcesBuildPhase section */

/* Begin PBXSourcesBuildPhase section */
		54D6EE912D3F2DE600A89C19 /* Sources */ = {
			isa = PBXSourcesBuildPhase;
			buildActionMask = 2147483647;
			files = (
			);
			runOnlyForDeploymentPostprocessing = 0;
		};
		54D6EEA12D3F2DE900A89C19 /* Sources */ = {
			isa = PBXSourcesBuildPhase;
			buildActionMask = 2147483647;
			files = (
			);
			runOnlyForDeploymentPostprocessing = 0;
		};
		54D6EEAB2D3F2DE900A89C19 /* Sources */ = {
			isa = PBXSourcesBuildPhase;
			buildActionMask = 2147483647;
			files = (
			);
			runOnlyForDeploymentPostprocessing = 0;
		};
/* End PBXSourcesBuildPhase section */

/* Begin PBXTargetDependency section */
		54D6EEA72D3F2DE900A89C19 /* PBXTargetDependency */ = {
			isa = PBXTargetDependency;
			target = 54D6EE942D3F2DE600A89C19 /* Myfirst */;
			targetProxy = 54D6EEA62D3F2DE900A89C19 /* PBXContainerItemProxy */;
		};
		54D6EEB12D3F2DE900A89C19 /* PBXTargetDependency */ = {
			isa = PBXTargetDependency;
			target = 54D6EE942D3F2DE600A89C19 /* Myfirst */;
			targetProxy = 54D6EEB02D3F2DE900A89C19 /* PBXContainerItemProxy */;
		};
/* End PBXTargetDependency section */

/* Begin XCBuildConfiguration section */
		54D6EEB72D3F2DE900A89C19 /* Debug */ = {
			isa = XCBuildConfiguration;
			buildSettings = {
				ALWAYS_SEARCH_USER_PATHS = NO;
				ASSETCATALOG_COMPILER_GENERATE_SWIFT_ASSET_SYMBOL_EXTENSIONS = YES;
				CLANG_ANALYZER_NONNULL = YES;
				CLANG_ANALYZER_NUMBER_OBJECT_CONVERSION = YES_AGGRESSIVE;
				CLANG_CXX_LANGUAGE_STANDARD = "gnu++20";
				CLANG_ENABLE_MODULES = YES;
				CLANG_ENABLE_OBJC_ARC = YES;
				CLANG_ENABLE_OBJC_WEAK = YES;
				CLANG_WARN_BLOCK_CAPTURE_AUTORELEASING = YES;
				CLANG_WARN_BOOL_CONVERSION = YES;
				CLANG_WARN_COMMA = YES;
				CLANG_WARN_CONSTANT_CONVERSION = YES;
				CLANG_WARN_DEPRECATED_OBJC_IMPLEMENTATIONS = YES;
				CLANG_WARN_DIRECT_OBJC_ISA_USAGE = YES_ERROR;
				CLANG_WARN_DOCUMENTATION_COMMENTS = YES;
				CLANG_WARN_EMPTY_BODY = YES;
				CLANG_WARN_ENUM_CONVERSION = YES;
				CLANG_WARN_INFINITE_RECURSION = YES;
				CLANG_WARN_INT_CONVERSION = YES;
				CLANG_WARN_NON_LITERAL_NULL_CONVERSION = YES;
				CLANG_WARN_OBJC_IMPLICIT_RETAIN_SELF = YES;
				CLANG_WARN_OBJC_LITERAL_CONVERSION = YES;
				CLANG_WARN_OBJC_ROOT_CLASS = YES_ERROR;
				CLANG_WARN_QUOTED_INCLUDE_IN_FRAMEWORK_HEADER = YES;
				CLANG_WARN_RANGE_LOOP_ANALYSIS = YES;
				CLANG_WARN_STRICT_PROTOTYPES = YES;
				CLANG_WARN_SUSPICIOUS_MOVE = YES;
				CLANG_WARN_UNGUARDED_AVAILABILITY = YES_AGGRESSIVE;
				CLANG_WARN_UNREACHABLE_CODE = YES;
				CLANG_WARN__DUPLICATE_METHOD_MATCH = YES;
				COPY_PHASE_STRIP = NO;
				DEBUG_INFORMATION_FORMAT = dwarf;
				ENABLE_STRICT_OBJC_MSGSEND = YES;
				ENABLE_TESTABILITY = YES;
				ENABLE_USER_SCRIPT_SANDBOXING = YES;
				GCC_C_LANGUAGE_STANDARD = gnu17;
				GCC_DYNAMIC_NO_PIC = NO;
				GCC_NO_COMMON_BLOCKS = YES;
				GCC_OPTIMIZATION_LEVEL = 0;
				GCC_PREPROCESSOR_DEFINITIONS = (
					"DEBUG=1",
					"$(inherited)",
				);
				GCC_WARN_64_TO_32_BIT_CONVERSION = YES;
				GCC_WARN_ABOUT_RETURN_TYPE = YES_ERROR;
				GCC_WARN_UNDECLARED_SELECTOR = YES;
				GCC_WARN_UNINITIALIZED_AUTOS = YES_AGGRESSIVE;
				GCC_WARN_UNUSED_FUNCTION = YES;
				GCC_WARN_UNUSED_VARIABLE = YES;
				IPHONEOS_DEPLOYMENT_TARGET = 18.2;
				LOCALIZATION_PREFERS_STRING_CATALOGS = YES;
				MTL_ENABLE_DEBUG_INFO = INCLUDE_SOURCE;
				MTL_FAST_MATH = YES;
				ONLY_ACTIVE_ARCH = YES;
				SDKROOT = iphoneos;
				SWIFT_ACTIVE_COMPILATION_CONDITIONS = "DEBUG $(inherited)";
				SWIFT_OPTIMIZATION_LEVEL = "-Onone";
			};
			name = Debug;
		};
		54D6EEB82D3F2DE900A89C19 /* Release */ = {
			isa = XCBuildConfiguration;
			buildSettings = {
				ALWAYS_SEARCH_USER_PATHS = NO;
				ASSETCATALOG_COMPILER_GENERATE_SWIFT_ASSET_SYMBOL_EXTENSIONS = YES;
				CLANG_ANALYZER_NONNULL = YES;
				CLANG_ANALYZER_NUMBER_OBJECT_CONVERSION = YES_AGGRESSIVE;
				CLANG_CXX_LANGUAGE_STANDARD = "gnu++20";
				CLANG_ENABLE_MODULES = YES;
				CLANG_ENABLE_OBJC_ARC = YES;
				CLANG_ENABLE_OBJC_WEAK = YES;
				CLANG_WARN_BLOCK_CAPTURE_AUTORELEASING = YES;
				CLANG_WARN_BOOL_CONVERSION = YES;
				CLANG_WARN_COMMA = YES;
				CLANG_WARN_CONSTANT_CONVERSION = YES;
				CLANG_WARN_DEPRECATED_OBJC_IMPLEMENTATIONS = YES;
				CLANG_WARN_DIRECT_OBJC_ISA_USAGE = YES_ERROR;
				CLANG_WARN_DOCUMENTATION_COMMENTS = YES;
				CLANG_WARN_EMPTY_BODY = YES;
				CLANG_WARN_ENUM_CONVERSION = YES;
				CLANG_WARN_INFINITE_RECURSION = YES;
				CLANG_WARN_INT_CONVERSION = YES;
				CLANG_WARN_NON_LITERAL_NULL_CONVERSION = YES;
				CLANG_WARN_OBJC_IMPLICIT_RETAIN_SELF = YES;
				CLANG_WARN_OBJC_LITERAL_CONVERSION = YES;
				CLANG_WARN_OBJC_ROOT_CLASS = YES_ERROR;
				CLANG_WARN_QUOTED_INCLUDE_IN_FRAMEWORK_HEADER = YES;
				CLANG_WARN_RANGE_LOOP_ANALYSIS = YES;
				CLANG_WARN_STRICT_PROTOTYPES = YES;
				CLANG_WARN_SUSPICIOUS_MOVE = YES;
				CLANG_WARN_UNGUARDED_AVAILABILITY = YES_AGGRESSIVE;
				CLANG_WARN_UNREACHABLE_CODE = YES;
				CLANG_WARN__DUPLICATE_METHOD_MATCH = YES;
				COPY_PHASE_STRIP = NO;
				DEBUG_INFORMATION_FORMAT = "dwarf-with-dsym";
				ENABLE_NS_ASSERTIONS = NO;
				ENABLE_STRICT_OBJC_MSGSEND = YES;
				ENABLE_USER_SCRIPT_SANDBOXING = YES;
				GCC_C_LANGUAGE_STANDARD = gnu17;
				GCC_NO_COMMON_BLOCKS = YES;
				GCC_WARN_64_TO_32_BIT_CONVERSION = YES;
				GCC_WARN_ABOUT_RETURN_TYPE = YES_ERROR;
				GCC_WARN_UNDECLARED_SELECTOR = YES;
				GCC_WARN_UNINITIALIZED_AUTOS = YES_AGGRESSIVE;
				GCC_WARN_UNUSED_FUNCTION = YES;
				GCC_WARN_UNUSED_VARIABLE = YES;
				IPHONEOS_DEPLOYMENT_TARGET = 18.2;
				LOCALIZATION_PREFERS_STRING_CATALOGS = YES;
				MTL_ENABLE_DEBUG_INFO = NO;
				MTL_FAST_MATH = YES;
				SDKROOT = iphoneos;
				SWIFT_COMPILATION_MODE = wholemodule;
				VALIDATE_PRODUCT = YES;
			};
			name = Release;
		};
		54D6EEBA2D3F2DE900A89C19 /* Debug */ = {
			isa = XCBuildConfiguration;
			buildSettings = {
				ASSETCATALOG_COMPILER_APPICON_NAME = AppIcon;
				ASSETCATALOG_COMPILER_GLOBAL_ACCENT_COLOR_NAME = AccentColor;
				CODE_SIGN_STYLE = Automatic;
				CURRENT_PROJECT_VERSION = 1;
				DEVELOPMENT_ASSET_PATHS = "\"Myfirst/Preview Content\"";
				ENABLE_PREVIEWS = YES;
				GENERATE_INFOPLIST_FILE = YES;
				INFOPLIST_KEY_UIApplicationSceneManifest_Generation = YES;
				INFOPLIST_KEY_UIApplicationSupportsIndirectInputEvents = YES;
				INFOPLIST_KEY_UILaunchScreen_Generation = YES;
				INFOPLIST_KEY_UISupportedInterfaceOrientations_iPad = "UIInterfaceOrientationPortrait UIInterfaceOrientationPortraitUpsideDown UIInterfaceOrientationLandscapeLeft UIInterfaceOrientationLandscapeRight";
				INFOPLIST_KEY_UISupportedInterfaceOrientations_iPhone = "UIInterfaceOrientationPortrait UIInterfaceOrientationLandscapeLeft UIInterfaceOrientationLandscapeRight";
				LD_RUNPATH_SEARCH_PATHS = (
					"$(inherited)",
					"@executable_path/Frameworks",
				);
				MARKETING_VERSION = 1.0;
				PRODUCT_BUNDLE_IDENTIFIER = evavald3zz.Myfirst;
				PRODUCT_NAME = "$(TARGET_NAME)";
				SWIFT_EMIT_LOC_STRINGS = YES;
				SWIFT_VERSION = 5.0;
				TARGETED_DEVICE_FAMILY = "1,2";
			};
			name = Debug;
		};
		54D6EEBB2D3F2DE900A89C19 /* Release */ = {
			isa = XCBuildConfiguration;
			buildSettings = {
				ASSETCATALOG_COMPILER_APPICON_NAME = AppIcon;
				ASSETCATALOG_COMPILER_GLOBAL_ACCENT_COLOR_NAME = AccentColor;
				CODE_SIGN_STYLE = Automatic;
				CURRENT_PROJECT_VERSION = 1;
				DEVELOPMENT_ASSET_PATHS = "\"Myfirst/Preview Content\"";
				ENABLE_PREVIEWS = YES;
				GENERATE_INFOPLIST_FILE = YES;
				INFOPLIST_KEY_UIApplicationSceneManifest_Generation = YES;
				INFOPLIST_KEY_UIApplicationSupportsIndirectInputEvents = YES;
				INFOPLIST_KEY_UILaunchScreen_Generation = YES;
				INFOPLIST_KEY_UISupportedInterfaceOrientations_iPad = "UIInterfaceOrientationPortrait UIInterfaceOrientationPortraitUpsideDown UIInterfaceOrientationLandscapeLeft UIInterfaceOrientationLandscapeRight";
				INFOPLIST_KEY_UISupportedInterfaceOrientations_iPhone = "UIInterfaceOrientationPortrait UIInterfaceOrientationLandscapeLeft UIInterfaceOrientationLandscapeRight";
				LD_RUNPATH_SEARCH_PATHS = (
					"$(inherited)",
					"@executable_path/Frameworks",
				);
				MARKETING_VERSION = 1.0;
				PRODUCT_BUNDLE_IDENTIFIER = evavald3zz.Myfirst;
				PRODUCT_NAME = "$(TARGET_NAME)";
				SWIFT_EMIT_LOC_STRINGS = YES;
				SWIFT_VERSION = 5.0;
				TARGETED_DEVICE_FAMILY = "1,2";
			};
			name = Release;
		};
		54D6EEBD2D3F2DE900A89C19 /* Debug */ = {
			isa = XCBuildConfiguration;
			buildSettings = {
				BUNDLE_LOADER = "$(TEST_HOST)";
				CODE_SIGN_STYLE = Automatic;
				CURRENT_PROJECT_VERSION = 1;
				GENERATE_INFOPLIST_FILE = YES;
				IPHONEOS_DEPLOYMENT_TARGET = 18.2;
				MARKETING_VERSION = 1.0;
				PRODUCT_BUNDLE_IDENTIFIER = evavald3zz.MyfirstTests;
				PRODUCT_NAME = "$(TARGET_NAME)";
				SWIFT_EMIT_LOC_STRINGS = NO;
				SWIFT_VERSION = 5.0;
				TARGETED_DEVICE_FAMILY = "1,2";
				TEST_HOST = "$(BUILT_PRODUCTS_DIR)/Myfirst.app/$(BUNDLE_EXECUTABLE_FOLDER_PATH)/Myfirst";
			};
			name = Debug;
		};
		54D6EEBE2D3F2DE900A89C19 /* Release */ = {
			isa = XCBuildConfiguration;
			buildSettings = {
				BUNDLE_LOADER = "$(TEST_HOST)";
				CODE_SIGN_STYLE = Automatic;
				CURRENT_PROJECT_VERSION = 1;
				GENERATE_INFOPLIST_FILE = YES;
				IPHONEOS_DEPLOYMENT_TARGET = 18.2;
				MARKETING_VERSION = 1.0;
				PRODUCT_BUNDLE_IDENTIFIER = evavald3zz.MyfirstTests;
				PRODUCT_NAME = "$(TARGET_NAME)";
				SWIFT_EMIT_LOC_STRINGS = NO;
				SWIFT_VERSION = 5.0;
				TARGETED_DEVICE_FAMILY = "1,2";
				TEST_HOST = "$(BUILT_PRODUCTS_DIR)/Myfirst.app/$(BUNDLE_EXECUTABLE_FOLDER_PATH)/Myfirst";
			};
			name = Release;
		};
		54D6EEC02D3F2DE900A89C19 /* Debug */ = {
			isa = XCBuildConfiguration;
			buildSettings = {
				CODE_SIGN_STYLE = Automatic;
				CURRENT_PROJECT_VERSION = 1;
				GENERATE_INFOPLIST_FILE = YES;
				MARKETING_VERSION = 1.0;
				PRODUCT_BUNDLE_IDENTIFIER = evavald3zz.MyfirstUITests;
				PRODUCT_NAME = "$(TARGET_NAME)";
				SWIFT_EMIT_LOC_STRINGS = NO;
				SWIFT_VERSION = 5.0;
				TARGETED_DEVICE_FAMILY = "1,2";
				TEST_TARGET_NAME = Myfirst;
			};
			name = Debug;
		};
		54D6EEC12D3F2DE900A89C19 /* Release */ = {
			isa = XCBuildConfiguration;
			buildSettings = {
				CODE_SIGN_STYLE = Automatic;
				CURRENT_PROJECT_VERSION = 1;
				GENERATE_INFOPLIST_FILE = YES;
				MARKETING_VERSION = 1.0;
				PRODUCT_BUNDLE_IDENTIFIER = evavald3zz.MyfirstUITests;
				PRODUCT_NAME = "$(TARGET_NAME)";
				SWIFT_EMIT_LOC_STRINGS = NO;
				SWIFT_VERSION = 5.0;
				TARGETED_DEVICE_FAMILY = "1,2";
				TEST_TARGET_NAME = Myfirst;
			};
			name = Release;
		};
/* End XCBuildConfiguration section */

/* Begin XCConfigurationList section */
		54D6EE902D3F2DE600A89C19 /* Build configuration list for PBXProject "Myfirst" */ = {
			isa = XCConfigurationList;
			buildConfigurations = (
				54D6EEB72D3F2DE900A89C19 /* Debug */,
				54D6EEB82D3F2DE900A89C19 /* Release */,
			);
			defaultConfigurationIsVisible = 0;
			defaultConfigurationName = Release;
		};
		54D6EEB92D3F2DE900A89C19 /* Build configuration list for PBXNativeTarget "Myfirst" */ = {
			isa = XCConfigurationList;
			buildConfigurations = (
				54D6EEBA2D3F2DE900A89C19 /* Debug */,
				54D6EEBB2D3F2DE900A89C19 /* Release */,
			);
			defaultConfigurationIsVisible = 0;
			defaultConfigurationName = Release;
		};
		54D6EEBC2D3F2DE900A89C19 /* Build configuration list for PBXNativeTarget "MyfirstTests" */ = {
			isa = XCConfigurationList;
			buildConfigurations = (
				54D6EEBD2D3F2DE900A89C19 /* Debug */,
				54D6EEBE2D3F2DE900A89C19 /* Release */,
			);
			defaultConfigurationIsVisible = 0;
			defaultConfigurationName = Release;
		};
		54D6EEBF2D3F2DE900A89C19 /* Build configuration list for PBXNativeTarget "MyfirstUITests" */ = {
			isa = XCConfigurationList;
			buildConfigurations = (
				54D6EEC02D3F2DE900A89C19 /* Debug */,
				54D6EEC12D3F2DE900A89C19 /* Release */,
			);
			defaultConfigurationIsVisible = 0;
			defaultConfigurationName = Release;
		};
/* End XCConfigurationList section */
	};
	rootObject = 54D6EE8D2D3F2DE600A89C19 /* Project object */;
}
